// !$*UTF8*$!
{
	archiveVersion = 1;
	classes = {
	};
	objectVersion = 55;
	objects = {

/* Begin PBXBuildFile section */
		200AF411299297740029810E /* .gitignore in Resources */ = {isa = PBXBuildFile; fileRef = 200AF410299297740029810E /* .gitignore */; };
		2091B7D328C62AA2005B8066 /* AppDelegate.swift in Sources */ = {isa = PBXBuildFile; fileRef = 2091B7D228C62AA2005B8066 /* AppDelegate.swift */; };
		2091B7D528C62AA2005B8066 /* SceneDelegate.swift in Sources */ = {isa = PBXBuildFile; fileRef = 2091B7D428C62AA2005B8066 /* SceneDelegate.swift */; };
		2091B7DA28C62AA2005B8066 /* Main.storyboard in Resources */ = {isa = PBXBuildFile; fileRef = 2091B7D828C62AA2005B8066 /* Main.storyboard */; };
		2091B7DC28C62AA7005B8066 /* Assets.xcassets in Resources */ = {isa = PBXBuildFile; fileRef = 2091B7DB28C62AA7005B8066 /* Assets.xcassets */; };
		2091B7DF28C62AA7005B8066 /* LaunchScreen.storyboard in Resources */ = {isa = PBXBuildFile; fileRef = 2091B7DD28C62AA7005B8066 /* LaunchScreen.storyboard */; };
		2091B7E728C62F10005B8066 /* ImageViewController.swift in Sources */ = {isa = PBXBuildFile; fileRef = 2091B7E628C62F10005B8066 /* ImageViewController.swift */; };
		2091B7E928C62F36005B8066 /* CoursesTableViewController.swift in Sources */ = {isa = PBXBuildFile; fileRef = 2091B7E828C62F36005B8066 /* CoursesTableViewController.swift */; };
		2091B7EB28C65406005B8066 /* UserActionCellClass.swift in Sources */ = {isa = PBXBuildFile; fileRef = 2091B7EA28C65406005B8066 /* UserActionCellClass.swift */; };
		2091B7ED28C6ABDD005B8066 /* MyCollectionViewController.swift in Sources */ = {isa = PBXBuildFile; fileRef = 2091B7EC28C6ABDD005B8066 /* MyCollectionViewController.swift */; };
		2091B7EF28C6CFDE005B8066 /* CourseCell.swift in Sources */ = {isa = PBXBuildFile; fileRef = 2091B7EE28C6CFDE005B8066 /* CourseCell.swift */; };
		2091B7F128D74226005B8066 /* Cources.swift in Sources */ = {isa = PBXBuildFile; fileRef = 2091B7F028D74226005B8066 /* Cources.swift */; };
		B802F699F16D7D0464A88953 /* Pods_myNetworkPractice.framework in Frameworks */ = {isa = PBXBuildFile; fileRef = D2F9B8BA01680FC027951709 /* Pods_myNetworkPractice.framework */; };
/* End PBXBuildFile section */

/* Begin PBXFileReference section */
		200AF410299297740029810E /* .gitignore */ = {isa = PBXFileReference; lastKnownFileType = text; path = .gitignore; sourceTree = "<group>"; };
		2091B7CF28C62AA2005B8066 /* myNetworkPractice.app */ = {isa = PBXFileReference; explicitFileType = wrapper.application; includeInIndex = 0; path = myNetworkPractice.app; sourceTree = BUILT_PRODUCTS_DIR; };
		2091B7D228C62AA2005B8066 /* AppDelegate.swift */ = {isa = PBXFileReference; lastKnownFileType = sourcecode.swift; path = AppDelegate.swift; sourceTree = "<group>"; };
		2091B7D428C62AA2005B8066 /* SceneDelegate.swift */ = {isa = PBXFileReference; lastKnownFileType = sourcecode.swift; path = SceneDelegate.swift; sourceTree = "<group>"; };
		2091B7D928C62AA2005B8066 /* Base */ = {isa = PBXFileReference; lastKnownFileType = file.storyboard; name = Base; path = Base.lproj/Main.storyboard; sourceTree = "<group>"; };
		2091B7DB28C62AA7005B8066 /* Assets.xcassets */ = {isa = PBXFileReference; lastKnownFileType = folder.assetcatalog; path = Assets.xcassets; sourceTree = "<group>"; };
		2091B7DE28C62AA7005B8066 /* Base */ = {isa = PBXFileReference; lastKnownFileType = file.storyboard; name = Base; path = Base.lproj/LaunchScreen.storyboard; sourceTree = "<group>"; };
		2091B7E028C62AA7005B8066 /* Info.plist */ = {isa = PBXFileReference; lastKnownFileType = text.plist.xml; path = Info.plist; sourceTree = "<group>"; };
		2091B7E628C62F10005B8066 /* ImageViewController.swift */ = {isa = PBXFileReference; lastKnownFileType = sourcecode.swift; path = ImageViewController.swift; sourceTree = "<group>"; };
		2091B7E828C62F36005B8066 /* CoursesTableViewController.swift */ = {isa = PBXFileReference; lastKnownFileType = sourcecode.swift; path = CoursesTableViewController.swift; sourceTree = "<group>"; };
		2091B7EA28C65406005B8066 /* UserActionCellClass.swift */ = {isa = PBXFileReference; lastKnownFileType = sourcecode.swift; path = UserActionCellClass.swift; sourceTree = "<group>"; };
		2091B7EC28C6ABDD005B8066 /* MyCollectionViewController.swift */ = {isa = PBXFileReference; lastKnownFileType = sourcecode.swift; path = MyCollectionViewController.swift; sourceTree = "<group>"; };
		2091B7EE28C6CFDE005B8066 /* CourseCell.swift */ = {isa = PBXFileReference; lastKnownFileType = sourcecode.swift; path = CourseCell.swift; sourceTree = "<group>"; };
		2091B7F028D74226005B8066 /* Cources.swift */ = {isa = PBXFileReference; lastKnownFileType = sourcecode.swift; path = Cources.swift; sourceTree = "<group>"; };
		8BD64713217271624D5866F3 /* Pods-myNetworkPractice.release.xcconfig */ = {isa = PBXFileReference; includeInIndex = 1; lastKnownFileType = text.xcconfig; name = "Pods-myNetworkPractice.release.xcconfig"; path = "Target Support Files/Pods-myNetworkPractice/Pods-myNetworkPractice.release.xcconfig"; sourceTree = "<group>"; };
		D2F9B8BA01680FC027951709 /* Pods_myNetworkPractice.framework */ = {isa = PBXFileReference; explicitFileType = wrapper.framework; includeInIndex = 0; path = Pods_myNetworkPractice.framework; sourceTree = BUILT_PRODUCTS_DIR; };
		DC498E395FE3A1A194C951B5 /* Pods-myNetworkPractice.debug.xcconfig */ = {isa = PBXFileReference; includeInIndex = 1; lastKnownFileType = text.xcconfig; name = "Pods-myNetworkPractice.debug.xcconfig"; path = "Target Support Files/Pods-myNetworkPractice/Pods-myNetworkPractice.debug.xcconfig"; sourceTree = "<group>"; };
/* End PBXFileReference section */

/* Begin PBXFrameworksBuildPhase section */
		2091B7CC28C62AA2005B8066 /* Frameworks */ = {
			isa = PBXFrameworksBuildPhase;
			buildActionMask = 2147483647;
			files = (
				B802F699F16D7D0464A88953 /* Pods_myNetworkPractice.framework in Frameworks */,
			);
			runOnlyForDeploymentPostprocessing = 0;
		};
/* End PBXFrameworksBuildPhase section */

/* Begin PBXGroup section */
		2091B7C628C62AA2005B8066 = {
			isa = PBXGroup;
			children = (
				2091B7D128C62AA2005B8066 /* myNetworkPractice */,
				2091B7D028C62AA2005B8066 /* Products */,
				D5F26042C108C8AAE8536C98 /* Pods */,
				E5A076480440C45B29882451 /* Frameworks */,
			);
			sourceTree = "<group>";
		};
		2091B7D028C62AA2005B8066 /* Products */ = {
			isa = PBXGroup;
			children = (
				2091B7CF28C62AA2005B8066 /* myNetworkPractice.app */,
			);
			name = Products;
			sourceTree = "<group>";
		};
		2091B7D128C62AA2005B8066 /* myNetworkPractice */ = {
			isa = PBXGroup;
			children = (
				2091B7F328DC7F0A005B8066 /* view */,
				2091B7E028C62AA7005B8066 /* Info.plist */,
				2091B7EE28C6CFDE005B8066 /* CourseCell.swift */,
				2091B7EA28C65406005B8066 /* UserActionCellClass.swift */,
				2091B7F228DC7F03005B8066 /* model */,
				2091B7D828C62AA2005B8066 /* Main.storyboard */,
				2091B7F428DC7F17005B8066 /* cont */,
				200AF410299297740029810E /* .gitignore */,
			);
			path = myNetworkPractice;
			sourceTree = "<group>";
		};
		2091B7F228DC7F03005B8066 /* model */ = {
			isa = PBXGroup;
			children = (
				2091B7F028D74226005B8066 /* Cources.swift */,
			);
			path = model;
			sourceTree = "<group>";
		};
		2091B7F328DC7F0A005B8066 /* view */ = {
			isa = PBXGroup;
			children = (
				2091B7EC28C6ABDD005B8066 /* MyCollectionViewController.swift */,
				2091B7E628C62F10005B8066 /* ImageViewController.swift */,
				2091B7E828C62F36005B8066 /* CoursesTableViewController.swift */,
			);
			path = view;
			sourceTree = "<group>";
		};
		2091B7F428DC7F17005B8066 /* cont */ = {
			isa = PBXGroup;
			children = (
				2091B7DB28C62AA7005B8066 /* Assets.xcassets */,
				2091B7DD28C62AA7005B8066 /* LaunchScreen.storyboard */,
				2091B7D428C62AA2005B8066 /* SceneDelegate.swift */,
				2091B7D228C62AA2005B8066 /* AppDelegate.swift */,
			);
			path = cont;
			sourceTree = "<group>";
		};
		D5F26042C108C8AAE8536C98 /* Pods */ = {
			isa = PBXGroup;
			children = (
				DC498E395FE3A1A194C951B5 /* Pods-myNetworkPractice.debug.xcconfig */,
				8BD64713217271624D5866F3 /* Pods-myNetworkPractice.release.xcconfig */,
			);
			path = Pods;
			sourceTree = "<group>";
		};
		E5A076480440C45B29882451 /* Frameworks */ = {
			isa = PBXGroup;
			children = (
				D2F9B8BA01680FC027951709 /* Pods_myNetworkPractice.framework */,
			);
			name = Frameworks;
			sourceTree = "<group>";
		};
/* End PBXGroup section */

/* Begin PBXNativeTarget section */
		2091B7CE28C62AA2005B8066 /* myNetworkPractice */ = {
			isa = PBXNativeTarget;
			buildConfigurationList = 2091B7E328C62AA7005B8066 /* Build configuration list for PBXNativeTarget "myNetworkPractice" */;
			buildPhases = (
				EB06BD0DAAE702A4A0D4C8BD /* [CP] Check Pods Manifest.lock */,
				2091B7CB28C62AA2005B8066 /* Sources */,
				2091B7CC28C62AA2005B8066 /* Frameworks */,
				2091B7CD28C62AA2005B8066 /* Resources */,
				4FA4C874FE7F0F112411D3B6 /* [CP] Embed Pods Frameworks */,
			);
			buildRules = (
			);
			dependencies = (
			);
			name = myNetworkPractice;
			productName = myNetworkPractice;
			productReference = 2091B7CF28C62AA2005B8066 /* myNetworkPractice.app */;
			productType = "com.apple.product-type.application";
		};
/* End PBXNativeTarget section */

/* Begin PBXProject section */
		2091B7C728C62AA2005B8066 /* Project object */ = {
			isa = PBXProject;
			attributes = {
				BuildIndependentTargetsInParallel = 1;
				LastSwiftUpdateCheck = 1320;
				LastUpgradeCheck = 1320;
				TargetAttributes = {
					2091B7CE28C62AA2005B8066 = {
						CreatedOnToolsVersion = 13.2.1;
					};
				};
			};
			buildConfigurationList = 2091B7CA28C62AA2005B8066 /* Build configuration list for PBXProject "myNetworkPractice" */;
			compatibilityVersion = "Xcode 13.0";
			developmentRegion = en;
			hasScannedForEncodings = 0;
			knownRegions = (
				en,
				Base,
			);
			mainGroup = 2091B7C628C62AA2005B8066;
			productRefGroup = 2091B7D028C62AA2005B8066 /* Products */;
			projectDirPath = "";
			projectRoot = "";
			targets = (
				2091B7CE28C62AA2005B8066 /* myNetworkPractice */,
			);
		};
/* End PBXProject section */

/* Begin PBXResourcesBuildPhase section */
		2091B7CD28C62AA2005B8066 /* Resources */ = {
			isa = PBXResourcesBuildPhase;
			buildActionMask = 2147483647;
			files = (
				200AF411299297740029810E /* .gitignore in Resources */,
				2091B7DF28C62AA7005B8066 /* LaunchScreen.storyboard in Resources */,
				2091B7DC28C62AA7005B8066 /* Assets.xcassets in Resources */,
				2091B7DA28C62AA2005B8066 /* Main.storyboard in Resources */,
			);
			runOnlyForDeploymentPostprocessing = 0;
		};
/* End PBXResourcesBuildPhase section */

/* Begin PBXShellScriptBuildPhase section */
		4FA4C874FE7F0F112411D3B6 /* [CP] Embed Pods Frameworks */ = {
			isa = PBXShellScriptBuildPhase;
			buildActionMask = 2147483647;
			files = (
			);
			inputFileListPaths = (
				"${PODS_ROOT}/Target Support Files/Pods-myNetworkPractice/Pods-myNetworkPractice-frameworks-${CONFIGURATION}-input-files.xcfilelist",
			);
			name = "[CP] Embed Pods Frameworks";
			outputFileListPaths = (
				"${PODS_ROOT}/Target Support Files/Pods-myNetworkPractice/Pods-myNetworkPractice-frameworks-${CONFIGURATION}-output-files.xcfilelist",
			);
			runOnlyForDeploymentPostprocessing = 0;
			shellPath = /bin/sh;
			shellScript = "\"${PODS_ROOT}/Target Support Files/Pods-myNetworkPractice/Pods-myNetworkPractice-frameworks.sh\"\n";
			showEnvVarsInLog = 0;
		};
		EB06BD0DAAE702A4A0D4C8BD /* [CP] Check Pods Manifest.lock */ = {
			isa = PBXShellScriptBuildPhase;
			buildActionMask = 2147483647;
			files = (
			);
			inputFileListPaths = (
			);
			inputPaths = (
				"${PODS_PODFILE_DIR_PATH}/Podfile.lock",
				"${PODS_ROOT}/Manifest.lock",
			);
			name = "[CP] Check Pods Manifest.lock";
			outputFileListPaths = (
			);
			outputPaths = (
				"$(DERIVED_FILE_DIR)/Pods-myNetworkPractice-checkManifestLockResult.txt",
			);
			runOnlyForDeploymentPostprocessing = 0;
			shellPath = /bin/sh;
			shellScript = "diff \"${PODS_PODFILE_DIR_PATH}/Podfile.lock\" \"${PODS_ROOT}/Manifest.lock\" > /dev/null\nif [ $? != 0 ] ; then\n    # print error to STDERR\n    echo \"error: The sandbox is not in sync with the Podfile.lock. Run 'pod install' or update your CocoaPods installation.\" >&2\n    exit 1\nfi\n# This output is used by Xcode 'outputs' to avoid re-running this script phase.\necho \"SUCCESS\" > \"${SCRIPT_OUTPUT_FILE_0}\"\n";
			showEnvVarsInLog = 0;
		};
/* End PBXShellScriptBuildPhase section */

/* Begin PBXSourcesBuildPhase section */
		2091B7CB28C62AA2005B8066 /* Sources */ = {
			isa = PBXSourcesBuildPhase;
			buildActionMask = 2147483647;
			files = (
				2091B7D328C62AA2005B8066 /* AppDelegate.swift in Sources */,
				2091B7ED28C6ABDD005B8066 /* MyCollectionViewController.swift in Sources */,
				2091B7EB28C65406005B8066 /* UserActionCellClass.swift in Sources */,
				2091B7EF28C6CFDE005B8066 /* CourseCell.swift in Sources */,
				2091B7E928C62F36005B8066 /* CoursesTableViewController.swift in Sources */,
				2091B7F128D74226005B8066 /* Cources.swift in Sources */,
				2091B7E728C62F10005B8066 /* ImageViewController.swift in Sources */,
				2091B7D528C62AA2005B8066 /* SceneDelegate.swift in Sources */,
			);
			runOnlyForDeploymentPostprocessing = 0;
		};
/* End PBXSourcesBuildPhase section */

/* Begin PBXVariantGroup section */
		2091B7D828C62AA2005B8066 /* Main.storyboard */ = {
			isa = PBXVariantGroup;
			children = (
				2091B7D928C62AA2005B8066 /* Base */,
			);
			name = Main.storyboard;
			sourceTree = "<group>";
		};
		2091B7DD28C62AA7005B8066 /* LaunchScreen.storyboard */ = {
			isa = PBXVariantGroup;
			children = (
				2091B7DE28C62AA7005B8066 /* Base */,
			);
			name = LaunchScreen.storyboard;
			sourceTree = "<group>";
		};
/* End PBXVariantGroup section */

/* Begin XCBuildConfiguration section */
		2091B7E128C62AA7005B8066 /* Debug */ = {
			isa = XCBuildConfiguration;
			buildSettings = {
				ALWAYS_SEARCH_USER_PATHS = NO;
				CLANG_ANALYZER_NONNULL = YES;
				CLANG_ANALYZER_NUMBER_OBJECT_CONVERSION = YES_AGGRESSIVE;
				CLANG_CXX_LANGUAGE_STANDARD = "gnu++17";
				CLANG_CXX_LIBRARY = "libc++";
				CLANG_ENABLE_MODULES = YES;
				CLANG_ENABLE_OBJC_ARC = YES;
				CLANG_ENABLE_OBJC_WEAK = YES;
				CLANG_WARN_BLOCK_CAPTURE_AUTORELEASING = YES;
				CLANG_WARN_BOOL_CONVERSION = YES;
				CLANG_WARN_COMMA = YES;
				CLANG_WARN_CONSTANT_CONVERSION = YES;
				CLANG_WARN_DEPRECATED_OBJC_IMPLEMENTATIONS = YES;
				CLANG_WARN_DIRECT_OBJC_ISA_USAGE = YES_ERROR;
				CLANG_WARN_DOCUMENTATION_COMMENTS = YES;
				CLANG_WARN_EMPTY_BODY = YES;
				CLANG_WARN_ENUM_CONVERSION = YES;
				CLANG_WARN_INFINITE_RECURSION = YES;
				CLANG_WARN_INT_CONVERSION = YES;
				CLANG_WARN_NON_LITERAL_NULL_CONVERSION = YES;
				CLANG_WARN_OBJC_IMPLICIT_RETAIN_SELF = YES;
				CLANG_WARN_OBJC_LITERAL_CONVERSION = YES;
				CLANG_WARN_OBJC_ROOT_CLASS = YES_ERROR;
				CLANG_WARN_QUOTED_INCLUDE_IN_FRAMEWORK_HEADER = YES;
				CLANG_WARN_RANGE_LOOP_ANALYSIS = YES;
				CLANG_WARN_STRICT_PROTOTYPES = YES;
				CLANG_WARN_SUSPICIOUS_MOVE = YES;
				CLANG_WARN_UNGUARDED_AVAILABILITY = YES_AGGRESSIVE;
				CLANG_WARN_UNREACHABLE_CODE = YES;
				CLANG_WARN__DUPLICATE_METHOD_MATCH = YES;
				COPY_PHASE_STRIP = NO;
				DEBUG_INFORMATION_FORMAT = dwarf;
				ENABLE_STRICT_OBJC_MSGSEND = YES;
				ENABLE_TESTABILITY = YES;
				GCC_C_LANGUAGE_STANDARD = gnu11;
				GCC_DYNAMIC_NO_PIC = NO;
				GCC_NO_COMMON_BLOCKS = YES;
				GCC_OPTIMIZATION_LEVEL = 0;
				GCC_PREPROCESSOR_DEFINITIONS = (
					"DEBUG=1",
					"$(inherited)",
				);
				GCC_WARN_64_TO_32_BIT_CONVERSION = YES;
				GCC_WARN_ABOUT_RETURN_TYPE = YES_ERROR;
				GCC_WARN_UNDECLARED_SELECTOR = YES;
				GCC_WARN_UNINITIALIZED_AUTOS = YES_AGGRESSIVE;
				GCC_WARN_UNUSED_FUNCTION = YES;
				GCC_WARN_UNUSED_VARIABLE = YES;
				IPHONEOS_DEPLOYMENT_TARGET = 15.2;
				MTL_ENABLE_DEBUG_INFO = INCLUDE_SOURCE;
				MTL_FAST_MATH = YES;
				ONLY_ACTIVE_ARCH = YES;
				SDKROOT = iphoneos;
				SWIFT_ACTIVE_COMPILATION_CONDITIONS = DEBUG;
				SWIFT_OPTIMIZATION_LEVEL = "-Onone";
			};
			name = Debug;
		};
		2091B7E228C62AA7005B8066 /* Release */ = {
			isa = XCBuildConfiguration;
			buildSettings = {
				ALWAYS_SEARCH_USER_PATHS = NO;
				CLANG_ANALYZER_NONNULL = YES;
				CLANG_ANALYZER_NUMBER_OBJECT_CONVERSION = YES_AGGRESSIVE;
				CLANG_CXX_LANGUAGE_STANDARD = "gnu++17";
				CLANG_CXX_LIBRARY = "libc++";
				CLANG_ENABLE_MODULES = YES;
				CLANG_ENABLE_OBJC_ARC = YES;
				CLANG_ENABLE_OBJC_WEAK = YES;
				CLANG_WARN_BLOCK_CAPTURE_AUTORELEASING = YES;
				CLANG_WARN_BOOL_CONVERSION = YES;
				CLANG_WARN_COMMA = YES;
				CLANG_WARN_CONSTANT_CONVERSION = YES;
				CLANG_WARN_DEPRECATED_OBJC_IMPLEMENTATIONS = YES;
				CLANG_WARN_DIRECT_OBJC_ISA_USAGE = YES_ERROR;
				CLANG_WARN_DOCUMENTATION_COMMENTS = YES;
				CLANG_WARN_EMPTY_BODY = YES;
				CLANG_WARN_ENUM_CONVERSION = YES;
				CLANG_WARN_INFINITE_RECURSION = YES;
				CLANG_WARN_INT_CONVERSION = YES;
				CLANG_WARN_NON_LITERAL_NULL_CONVERSION = YES;
				CLANG_WARN_OBJC_IMPLICIT_RETAIN_SELF = YES;
				CLANG_WARN_OBJC_LITERAL_CONVERSION = YES;
				CLANG_WARN_OBJC_ROOT_CLASS = YES_ERROR;
				CLANG_WARN_QUOTED_INCLUDE_IN_FRAMEWORK_HEADER = YES;
				CLANG_WARN_RANGE_LOOP_ANALYSIS = YES;
				CLANG_WARN_STRICT_PROTOTYPES = YES;
				CLANG_WARN_SUSPICIOUS_MOVE = YES;
				CLANG_WARN_UNGUARDED_AVAILABILITY = YES_AGGRESSIVE;
				CLANG_WARN_UNREACHABLE_CODE = YES;
				CLANG_WARN__DUPLICATE_METHOD_MATCH = YES;
				COPY_PHASE_STRIP = NO;
				DEBUG_INFORMATION_FORMAT = "dwarf-with-dsym";
				ENABLE_NS_ASSERTIONS = NO;
				ENABLE_STRICT_OBJC_MSGSEND = YES;
				GCC_C_LANGUAGE_STANDARD = gnu11;
				GCC_NO_COMMON_BLOCKS = YES;
				GCC_WARN_64_TO_32_BIT_CONVERSION = YES;
				GCC_WARN_ABOUT_RETURN_TYPE = YES_ERROR;
				GCC_WARN_UNDECLARED_SELECTOR = YES;
				GCC_WARN_UNINITIALIZED_AUTOS = YES_AGGRESSIVE;
				GCC_WARN_UNUSED_FUNCTION = YES;
				GCC_WARN_UNUSED_VARIABLE = YES;
				IPHONEOS_DEPLOYMENT_TARGET = 15.2;
				MTL_ENABLE_DEBUG_INFO = NO;
				MTL_FAST_MATH = YES;
				SDKROOT = iphoneos;
				SWIFT_COMPILATION_MODE = wholemodule;
				SWIFT_OPTIMIZATION_LEVEL = "-O";
				VALIDATE_PRODUCT = YES;
			};
			name = Release;
		};
		2091B7E428C62AA7005B8066 /* Debug */ = {
			isa = XCBuildConfiguration;
			baseConfigurationReference = DC498E395FE3A1A194C951B5 /* Pods-myNetworkPractice.debug.xcconfig */;
			buildSettings = {
				ASSETCATALOG_COMPILER_APPICON_NAME = AppIcon;
				ASSETCATALOG_COMPILER_GLOBAL_ACCENT_COLOR_NAME = AccentColor;
				CODE_SIGN_STYLE = Automatic;
				CURRENT_PROJECT_VERSION = 1;
				GENERATE_INFOPLIST_FILE = YES;
				INFOPLIST_FILE = myNetworkPractice/Info.plist;
				INFOPLIST_KEY_UIApplicationSupportsIndirectInputEvents = YES;
				INFOPLIST_KEY_UILaunchStoryboardName = LaunchScreen;
				INFOPLIST_KEY_UIMainStoryboardFile = Main;
				INFOPLIST_KEY_UISupportedInterfaceOrientations_iPad = "UIInterfaceOrientationPortrait UIInterfaceOrientationPortraitUpsideDown UIInterfaceOrientationLandscapeLeft UIInterfaceOrientationLandscapeRight";
				INFOPLIST_KEY_UISupportedInterfaceOrientations_iPhone = "UIInterfaceOrientationPortrait UIInterfaceOrientationLandscapeLeft UIInterfaceOrientationLandscapeRight";
				LD_RUNPATH_SEARCH_PATHS = (
					"$(inherited)",
					"@executable_path/Frameworks",
				);
				MARKETING_VERSION = 1.0;
				PRODUCT_BUNDLE_IDENTIFIER = com.connect.myNetworkPractice;
				PRODUCT_NAME = "$(TARGET_NAME)";
				SWIFT_EMIT_LOC_STRINGS = YES;
				SWIFT_VERSION = 5.0;
				TARGETED_DEVICE_FAMILY = "1,2";
			};
			name = Debug;
		};
		2091B7E528C62AA7005B8066 /* Release */ = {
			isa = XCBuildConfiguration;
			baseConfigurationReference = 8BD64713217271624D5866F3 /* Pods-myNetworkPractice.release.xcconfig */;
			buildSettings = {
				ASSETCATALOG_COMPILER_APPICON_NAME = AppIcon;
				ASSETCATALOG_COMPILER_GLOBAL_ACCENT_COLOR_NAME = AccentColor;
				CODE_SIGN_STYLE = Automatic;
				CURRENT_PROJECT_VERSION = 1;
				GENERATE_INFOPLIST_FILE = YES;
				INFOPLIST_FILE = myNetworkPractice/Info.plist;
				INFOPLIST_KEY_UIApplicationSupportsIndirectInputEvents = YES;
				INFOPLIST_KEY_UILaunchStoryboardName = LaunchScreen;
				INFOPLIST_KEY_UIMainStoryboardFile = Main;
				INFOPLIST_KEY_UISupportedInterfaceOrientations_iPad = "UIInterfaceOrientationPortrait UIInterfaceOrientationPortraitUpsideDown UIInterfaceOrientationLandscapeLeft UIInterfaceOrientationLandscapeRight";
				INFOPLIST_KEY_UISupportedInterfaceOrientations_iPhone = "UIInterfaceOrientationPortrait UIInterfaceOrientationLandscapeLeft UIInterfaceOrientationLandscapeRight";
				LD_RUNPATH_SEARCH_PATHS = (
					"$(inherited)",
					"@executable_path/Frameworks",
				);
				MARKETING_VERSION = 1.0;
				PRODUCT_BUNDLE_IDENTIFIER = com.connect.myNetworkPractice;
				PRODUCT_NAME = "$(TARGET_NAME)";
				SWIFT_EMIT_LOC_STRINGS = YES;
				SWIFT_VERSION = 5.0;
				TARGETED_DEVICE_FAMILY = "1,2";
			};
			name = Release;
		};
/* End XCBuildConfiguration section */

/* Begin XCConfigurationList section */
		2091B7CA28C62AA2005B8066 /* Build configuration list for PBXProject "myNetworkPractice" */ = {
			isa = XCConfigurationList;
			buildConfigurations = (
				2091B7E128C62AA7005B8066 /* Debug */,
				2091B7E228C62AA7005B8066 /* Release */,
			);
			defaultConfigurationIsVisible = 0;
			defaultConfigurationName = Release;
		};
		2091B7E328C62AA7005B8066 /* Build configuration list for PBXNativeTarget "myNetworkPractice" */ = {
			isa = XCConfigurationList;
			buildConfigurations = (
				2091B7E428C62AA7005B8066 /* Debug */,
				2091B7E528C62AA7005B8066 /* Release */,
			);
			defaultConfigurationIsVisible = 0;
			defaultConfigurationName = Release;
		};
/* End XCConfigurationList section */
	};
	rootObject = 2091B7C728C62AA2005B8066 /* Project object */;
}
